
Microsoft Visual Studio Solution File, Format Version 12.00
# Visual Studio Version 16
VisualStudioVersion = 16.0.29020.237
MinimumVisualStudioVersion = 10.0.40219.1
Project("{FAE04EC0-301F-11D3-BF4B-00C04F79EFBC}") = "test-uloha", "test-uloha\test-uloha.csproj", "{805E3CFC-D0D8-4507-8C5D-4CE1E81B1F56}"
EndProject
Global
	GlobalSection(SolutionConfigurationPlatforms) = preSolution
		Debug|Any CPU = Debug|Any CPU
		Release|Any CPU = Release|Any CPU
	EndGlobalSection
	GlobalSection(ProjectConfigurationPlatforms) = postSolution
		{805E3CFC-D0D8-4507-8C5D-4CE1E81B1F56}.Debug|Any CPU.ActiveCfg = Debug|Any CPU
		{805E3CFC-D0D8-4507-8C5D-4CE1E81B1F56}.Debug|Any CPU.Build.0 = Debug|Any CPU
		{805E3CFC-D0D8-4507-8C5D-4CE1E81B1F56}.Release|Any CPU.ActiveCfg = Release|Any CPU
		{805E3CFC-D0D8-4507-8C5D-4CE1E81B1F56}.Release|Any CPU.Build.0 = Release|Any CPU
	EndGlobalSection
	GlobalSection(SolutionProperties) = preSolution
		HideSolutionNode = FALSE
	EndGlobalSection
	GlobalSection(ExtensibilityGlobals) = postSolution
		SolutionGuid = {38714C07-44E8-4575-8C0E-C8DEAB4C1F29}
	EndGlobalSection
EndGlobal
